
Microsoft Visual Studio Solution File, Format Version 12.00
# Visual Studio Version 16
VisualStudioVersion = 16.0.29806.167
MinimumVisualStudioVersion = 10.0.40219.1
Project("{8BC9CEB8-8B4A-11D0-8D11-00A0C91BC942}") = "Lab3_Test", "Lab3_Test\Lab3_Test.vcxproj", "{AA13A64E-2358-48A4-A31E-1184E4B3468A}"
EndProject
Global
	GlobalSection(SolutionConfigurationPlatforms) = preSolution
		Debug|x64 = Debug|x64
		Debug|x86 = Debug|x86
		Release|x64 = Release|x64
		Release|x86 = Release|x86
	EndGlobalSection
	GlobalSection(ProjectConfigurationPlatforms) = postSolution
		{AA13A64E-2358-48A4-A31E-1184E4B3468A}.Debug|x64.ActiveCfg = Debug|x64
		{AA13A64E-2358-48A4-A31E-1184E4B3468A}.Debug|x64.Build.0 = Debug|x64
		{AA13A64E-2358-48A4-A31E-1184E4B3468A}.Debug|x86.ActiveCfg = Debug|Win32
		{AA13A64E-2358-48A4-A31E-1184E4B3468A}.Debug|x86.Build.0 = Debug|Win32
		{AA13A64E-2358-48A4-A31E-1184E4B3468A}.Release|x64.ActiveCfg = Release|x64
		{AA13A64E-2358-48A4-A31E-1184E4B3468A}.Release|x64.Build.0 = Release|x64
		{AA13A64E-2358-48A4-A31E-1184E4B3468A}.Release|x86.ActiveCfg = Release|Win32
		{AA13A64E-2358-48A4-A31E-1184E4B3468A}.Release|x86.Build.0 = Release|Win32
	EndGlobalSection
	GlobalSection(SolutionProperties) = preSolution
		HideSolutionNode = FALSE
	EndGlobalSection
	GlobalSection(ExtensibilityGlobals) = postSolution
		SolutionGuid = {AEE777F3-D510-4D50-929D-DC95397E9197}
	EndGlobalSection
EndGlobal
